
Microsoft Visual Studio Solution File, Format Version 12.00
# Visual Studio 15
VisualStudioVersion = 15.0.28010.2048
MinimumVisualStudioVersion = 10.0.40219.1
Project("{FAE04EC0-301F-11D3-BF4B-00C04F79EFBC}") = "OtellerRezervasyon", "OtellerRezervasyon\OtellerRezervasyon.csproj", "{96C5FCCD-B8E6-4B58-B0DB-DC0B73746D2B}"
EndProject
Project("{FAE04EC0-301F-11D3-BF4B-00C04F79EFBC}") = "ClassLib", "ClassLib\ClassLib.csproj", "{43FE7B50-9C3D-4217-9FFA-16E57D11CEAE}"
EndProject
Global
	GlobalSection(SolutionConfigurationPlatforms) = preSolution
		Debug|Any CPU = Debug|Any CPU
		Release|Any CPU = Release|Any CPU
	EndGlobalSection
	GlobalSection(ProjectConfigurationPlatforms) = postSolution
		{96C5FCCD-B8E6-4B58-B0DB-DC0B73746D2B}.Debug|Any CPU.ActiveCfg = Debug|Any CPU
		{96C5FCCD-B8E6-4B58-B0DB-DC0B73746D2B}.Debug|Any CPU.Build.0 = Debug|Any CPU
		{96C5FCCD-B8E6-4B58-B0DB-DC0B73746D2B}.Release|Any CPU.ActiveCfg = Release|Any CPU
		{96C5FCCD-B8E6-4B58-B0DB-DC0B73746D2B}.Release|Any CPU.Build.0 = Release|Any CPU
		{43FE7B50-9C3D-4217-9FFA-16E57D11CEAE}.Debug|Any CPU.ActiveCfg = Debug|Any CPU
		{43FE7B50-9C3D-4217-9FFA-16E57D11CEAE}.Debug|Any CPU.Build.0 = Debug|Any CPU
		{43FE7B50-9C3D-4217-9FFA-16E57D11CEAE}.Release|Any CPU.ActiveCfg = Release|Any CPU
		{43FE7B50-9C3D-4217-9FFA-16E57D11CEAE}.Release|Any CPU.Build.0 = Release|Any CPU
	EndGlobalSection
	GlobalSection(SolutionProperties) = preSolution
		HideSolutionNode = FALSE
	EndGlobalSection
	GlobalSection(ExtensibilityGlobals) = postSolution
		SolutionGuid = {68AA56FA-F8F9-4521-A15D-0AB8C95A8AFE}
	EndGlobalSection
EndGlobal
